
Microsoft Visual Studio Solution File, Format Version 12.00
# Visual Studio Version 17
VisualStudioVersion = 17.10.35013.160
MinimumVisualStudioVersion = 10.0.40219.1
Project("{FAE04EC0-301F-11D3-BF4B-00C04F79EFBC}") = "RecipeApplication", "RecipeApplication\RecipeApplication.csproj", "{128AF9AD-8513-4BC8-9280-50B74BC395FF}"
EndProject
Global
	GlobalSection(SolutionConfigurationPlatforms) = preSolution
		Debug|Any CPU = Debug|Any CPU
		Release|Any CPU = Release|Any CPU
	EndGlobalSection
	GlobalSection(ProjectConfigurationPlatforms) = postSolution
		{128AF9AD-8513-4BC8-9280-50B74BC395FF}.Debug|Any CPU.ActiveCfg = Debug|Any CPU
		{128AF9AD-8513-4BC8-9280-50B74BC395FF}.Debug|Any CPU.Build.0 = Debug|Any CPU
		{128AF9AD-8513-4BC8-9280-50B74BC395FF}.Release|Any CPU.ActiveCfg = Release|Any CPU
		{128AF9AD-8513-4BC8-9280-50B74BC395FF}.Release|Any CPU.Build.0 = Release|Any CPU
	EndGlobalSection
	GlobalSection(SolutionProperties) = preSolution
		HideSolutionNode = FALSE
	EndGlobalSection
	GlobalSection(ExtensibilityGlobals) = postSolution
		SolutionGuid = {B1AF9DE0-7968-43AF-839D-BDE58A6C69D1}
	EndGlobalSection
EndGlobal
